// !$*UTF8*$!
{
	archiveVersion = 1;
	classes = {
	};
	objectVersion = 51;
	objects = {

/* Begin PBXBuildFile section */
		9A5670232339999300965923 /* Device.m in Sources */ = {isa = PBXBuildFile; fileRef = 9A5670222339999300965923 /* Device.m */; };
		9A5670262339A45A00965923 /* SignUpControllerViewController.m in Sources */ = {isa = PBXBuildFile; fileRef = 9A5670252339A45A00965923 /* SignUpControllerViewController.m */; };
		BA552AA95D967011EAD7BF79 /* Pods_LoveWishTests.framework in Frameworks */ = {isa = PBXBuildFile; fileRef = 9BF804041CF1C2A47ECD03D1 /* Pods_LoveWishTests.framework */; };
		CB0849B1B88DCBE134CB16EB /* Pods_LoveWish.framework in Frameworks */ = {isa = PBXBuildFile; fileRef = 63576605B24E03DEFFBF0F97 /* Pods_LoveWish.framework */; };
		CDBBA774234AA7090086D8B8 /* LoginViewController.m in Sources */ = {isa = PBXBuildFile; fileRef = CDBBA773234AA7090086D8B8 /* LoginViewController.m */; };
		D11B71D42330539700D7AD7E /* WishItemTableViewController.m in Sources */ = {isa = PBXBuildFile; fileRef = D11B71D22330539700D7AD7E /* WishItemTableViewController.m */; };
		D11B71D92330540500D7AD7E /* WishListCell.m in Sources */ = {isa = PBXBuildFile; fileRef = D11B71D72330540500D7AD7E /* WishListCell.m */; };
		D11B71DA2330540500D7AD7E /* WishListCell.xib in Resources */ = {isa = PBXBuildFile; fileRef = D11B71D82330540500D7AD7E /* WishListCell.xib */; };
		D1208E832330698D007154D5 /* WishItemRequestViewController.m in Sources */ = {isa = PBXBuildFile; fileRef = D1208E822330698D007154D5 /* WishItemRequestViewController.m */; };
		D1239F7E2326648A00601565 /* AppDelegate.m in Sources */ = {isa = PBXBuildFile; fileRef = D1239F7D2326648A00601565 /* AppDelegate.m */; };
		D1239F812326648A00601565 /* ViewController.m in Sources */ = {isa = PBXBuildFile; fileRef = D1239F802326648A00601565 /* ViewController.m */; };
		D1239F842326648A00601565 /* Main.storyboard in Resources */ = {isa = PBXBuildFile; fileRef = D1239F822326648A00601565 /* Main.storyboard */; };
		D1239F862326648B00601565 /* Assets.xcassets in Resources */ = {isa = PBXBuildFile; fileRef = D1239F852326648B00601565 /* Assets.xcassets */; };
		D1239F892326648B00601565 /* LaunchScreen.storyboard in Resources */ = {isa = PBXBuildFile; fileRef = D1239F872326648B00601565 /* LaunchScreen.storyboard */; };
		D1239F8C2326648B00601565 /* main.m in Sources */ = {isa = PBXBuildFile; fileRef = D1239F8B2326648B00601565 /* main.m */; };
		D1239F962326648C00601565 /* LoveWishTests.m in Sources */ = {isa = PBXBuildFile; fileRef = D1239F952326648C00601565 /* LoveWishTests.m */; };
		D1239FA12326648C00601565 /* LoveWishUITests.m in Sources */ = {isa = PBXBuildFile; fileRef = D1239FA02326648C00601565 /* LoveWishUITests.m */; };
		D1418A7A23458860009CF135 /* OfferCell.m in Sources */ = {isa = PBXBuildFile; fileRef = D1418A7823458860009CF135 /* OfferCell.m */; };
		D1418A7B23458860009CF135 /* OfferCell.xib in Resources */ = {isa = PBXBuildFile; fileRef = D1418A7923458860009CF135 /* OfferCell.xib */; };
		D1418A7E23458F94009CF135 /* OfferViewController.m in Sources */ = {isa = PBXBuildFile; fileRef = D1418A7D23458F94009CF135 /* OfferViewController.m */; };
		D1418A82234596D7009CF135 /* ImageViewCell.m in Sources */ = {isa = PBXBuildFile; fileRef = D1418A80234596D7009CF135 /* ImageViewCell.m */; };
		D1418A83234596D7009CF135 /* ImageViewCell.xib in Resources */ = {isa = PBXBuildFile; fileRef = D1418A81234596D7009CF135 /* ImageViewCell.xib */; };
		D1418A87234598F5009CF135 /* ImageCell.m in Sources */ = {isa = PBXBuildFile; fileRef = D1418A85234598F5009CF135 /* ImageCell.m */; };
		D1418A88234598F5009CF135 /* ImageCell.xib in Resources */ = {isa = PBXBuildFile; fileRef = D1418A86234598F5009CF135 /* ImageCell.xib */; };
		D1DCFD0D23398F1D00400665 /* GoogleService-Info.plist in Resources */ = {isa = PBXBuildFile; fileRef = D1DCFD0C23398F1D00400665 /* GoogleService-Info.plist */; };
		E23EBD25D2FB50E5825F18B5 /* Pods_LoveWish_LoveWishUITests.framework in Frameworks */ = {isa = PBXBuildFile; fileRef = 5B72AD6D44DA5FCAEDF9D207 /* Pods_LoveWish_LoveWishUITests.framework */; };
/* End PBXBuildFile section */

/* Begin PBXContainerItemProxy section */
		D1239F922326648C00601565 /* PBXContainerItemProxy */ = {
			isa = PBXContainerItemProxy;
			containerPortal = D1239F712326648900601565 /* Project object */;
			proxyType = 1;
			remoteGlobalIDString = D1239F782326648A00601565;
			remoteInfo = LoveWish;
		};
		D1239F9D2326648C00601565 /* PBXContainerItemProxy */ = {
			isa = PBXContainerItemProxy;
			containerPortal = D1239F712326648900601565 /* Project object */;
			proxyType = 1;
			remoteGlobalIDString = D1239F782326648A00601565;
			remoteInfo = LoveWish;
		};
/* End PBXContainerItemProxy section */

/* Begin PBXFileReference section */
		2281AAB16588D51929ADB12B /* Pods-LoveWish-LoveWishUITests.release.xcconfig */ = {isa = PBXFileReference; includeInIndex = 1; lastKnownFileType = text.xcconfig; name = "Pods-LoveWish-LoveWishUITests.release.xcconfig"; path = "Target Support Files/Pods-LoveWish-LoveWishUITests/Pods-LoveWish-LoveWishUITests.release.xcconfig"; sourceTree = "<group>"; };
		500E9718ABB8BC976B15D0BA /* Pods-LoveWish.debug.xcconfig */ = {isa = PBXFileReference; includeInIndex = 1; lastKnownFileType = text.xcconfig; name = "Pods-LoveWish.debug.xcconfig"; path = "Target Support Files/Pods-LoveWish/Pods-LoveWish.debug.xcconfig"; sourceTree = "<group>"; };
		5B72AD6D44DA5FCAEDF9D207 /* Pods_LoveWish_LoveWishUITests.framework */ = {isa = PBXFileReference; explicitFileType = wrapper.framework; includeInIndex = 0; path = Pods_LoveWish_LoveWishUITests.framework; sourceTree = BUILT_PRODUCTS_DIR; };
		63576605B24E03DEFFBF0F97 /* Pods_LoveWish.framework */ = {isa = PBXFileReference; explicitFileType = wrapper.framework; includeInIndex = 0; path = Pods_LoveWish.framework; sourceTree = BUILT_PRODUCTS_DIR; };
		6C4C70BE1AD8F6AA0D7D5BF4 /* Pods-LoveWishTests.release.xcconfig */ = {isa = PBXFileReference; includeInIndex = 1; lastKnownFileType = text.xcconfig; name = "Pods-LoveWishTests.release.xcconfig"; path = "Target Support Files/Pods-LoveWishTests/Pods-LoveWishTests.release.xcconfig"; sourceTree = "<group>"; };
		9A5670212339999300965923 /* Device.h */ = {isa = PBXFileReference; lastKnownFileType = sourcecode.c.h; path = Device.h; sourceTree = "<group>"; };
		9A5670222339999300965923 /* Device.m */ = {isa = PBXFileReference; lastKnownFileType = sourcecode.c.objc; path = Device.m; sourceTree = "<group>"; };
		9A5670242339A45A00965923 /* SignUpControllerViewController.h */ = {isa = PBXFileReference; lastKnownFileType = sourcecode.c.h; path = SignUpControllerViewController.h; sourceTree = "<group>"; };
		9A5670252339A45A00965923 /* SignUpControllerViewController.m */ = {isa = PBXFileReference; lastKnownFileType = sourcecode.c.objc; path = SignUpControllerViewController.m; sourceTree = "<group>"; };
		9BF804041CF1C2A47ECD03D1 /* Pods_LoveWishTests.framework */ = {isa = PBXFileReference; explicitFileType = wrapper.framework; includeInIndex = 0; path = Pods_LoveWishTests.framework; sourceTree = BUILT_PRODUCTS_DIR; };
		9D749A734B23CBA721E7EB39 /* Pods-LoveWishTests.debug.xcconfig */ = {isa = PBXFileReference; includeInIndex = 1; lastKnownFileType = text.xcconfig; name = "Pods-LoveWishTests.debug.xcconfig"; path = "Target Support Files/Pods-LoveWishTests/Pods-LoveWishTests.debug.xcconfig"; sourceTree = "<group>"; };
		B2215C910D2C901EB6C1121C /* Pods-LoveWish-LoveWishUITests.debug.xcconfig */ = {isa = PBXFileReference; includeInIndex = 1; lastKnownFileType = text.xcconfig; name = "Pods-LoveWish-LoveWishUITests.debug.xcconfig"; path = "Target Support Files/Pods-LoveWish-LoveWishUITests/Pods-LoveWish-LoveWishUITests.debug.xcconfig"; sourceTree = "<group>"; };
		CBBEC8DCE99B17F046D5741D /* Pods-LoveWish.release.xcconfig */ = {isa = PBXFileReference; includeInIndex = 1; lastKnownFileType = text.xcconfig; name = "Pods-LoveWish.release.xcconfig"; path = "Target Support Files/Pods-LoveWish/Pods-LoveWish.release.xcconfig"; sourceTree = "<group>"; };
		CDBBA772234AA7090086D8B8 /* LoginViewController.h */ = {isa = PBXFileReference; lastKnownFileType = sourcecode.c.h; path = LoginViewController.h; sourceTree = "<group>"; };
		CDBBA773234AA7090086D8B8 /* LoginViewController.m */ = {isa = PBXFileReference; lastKnownFileType = sourcecode.c.objc; path = LoginViewController.m; sourceTree = "<group>"; };
		D11B71D12330539700D7AD7E /* WishItemTableViewController.h */ = {isa = PBXFileReference; lastKnownFileType = sourcecode.c.h; path = WishItemTableViewController.h; sourceTree = "<group>"; };
		D11B71D22330539700D7AD7E /* WishItemTableViewController.m */ = {isa = PBXFileReference; lastKnownFileType = sourcecode.c.objc; path = WishItemTableViewController.m; sourceTree = "<group>"; };
		D11B71D62330540500D7AD7E /* WishListCell.h */ = {isa = PBXFileReference; lastKnownFileType = sourcecode.c.h; path = WishListCell.h; sourceTree = "<group>"; };
		D11B71D72330540500D7AD7E /* WishListCell.m */ = {isa = PBXFileReference; lastKnownFileType = sourcecode.c.objc; path = WishListCell.m; sourceTree = "<group>"; };
		D11B71D82330540500D7AD7E /* WishListCell.xib */ = {isa = PBXFileReference; lastKnownFileType = file.xib; path = WishListCell.xib; sourceTree = "<group>"; };
		D1208E812330698D007154D5 /* WishItemRequestViewController.h */ = {isa = PBXFileReference; lastKnownFileType = sourcecode.c.h; path = WishItemRequestViewController.h; sourceTree = "<group>"; };
		D1208E822330698D007154D5 /* WishItemRequestViewController.m */ = {isa = PBXFileReference; lastKnownFileType = sourcecode.c.objc; path = WishItemRequestViewController.m; sourceTree = "<group>"; };
		D1239F792326648A00601565 /* LoveWish.app */ = {isa = PBXFileReference; explicitFileType = wrapper.application; includeInIndex = 0; path = LoveWish.app; sourceTree = BUILT_PRODUCTS_DIR; };
		D1239F7C2326648A00601565 /* AppDelegate.h */ = {isa = PBXFileReference; lastKnownFileType = sourcecode.c.h; path = AppDelegate.h; sourceTree = "<group>"; };
		D1239F7D2326648A00601565 /* AppDelegate.m */ = {isa = PBXFileReference; lastKnownFileType = sourcecode.c.objc; path = AppDelegate.m; sourceTree = "<group>"; };
		D1239F7F2326648A00601565 /* ViewController.h */ = {isa = PBXFileReference; lastKnownFileType = sourcecode.c.h; path = ViewController.h; sourceTree = "<group>"; };
		D1239F802326648A00601565 /* ViewController.m */ = {isa = PBXFileReference; lastKnownFileType = sourcecode.c.objc; path = ViewController.m; sourceTree = "<group>"; };
		D1239F832326648A00601565 /* Base */ = {isa = PBXFileReference; lastKnownFileType = file.storyboard; name = Base; path = Base.lproj/Main.storyboard; sourceTree = "<group>"; };
		D1239F852326648B00601565 /* Assets.xcassets */ = {isa = PBXFileReference; lastKnownFileType = folder.assetcatalog; path = Assets.xcassets; sourceTree = "<group>"; };
		D1239F882326648B00601565 /* Base */ = {isa = PBXFileReference; lastKnownFileType = file.storyboard; name = Base; path = Base.lproj/LaunchScreen.storyboard; sourceTree = "<group>"; };
		D1239F8A2326648B00601565 /* Info.plist */ = {isa = PBXFileReference; lastKnownFileType = text.plist.xml; path = Info.plist; sourceTree = "<group>"; };
		D1239F8B2326648B00601565 /* main.m */ = {isa = PBXFileReference; lastKnownFileType = sourcecode.c.objc; path = main.m; sourceTree = "<group>"; };
		D1239F912326648C00601565 /* LoveWishTests.xctest */ = {isa = PBXFileReference; explicitFileType = wrapper.cfbundle; includeInIndex = 0; path = LoveWishTests.xctest; sourceTree = BUILT_PRODUCTS_DIR; };
		D1239F952326648C00601565 /* LoveWishTests.m */ = {isa = PBXFileReference; lastKnownFileType = sourcecode.c.objc; path = LoveWishTests.m; sourceTree = "<group>"; };
		D1239F972326648C00601565 /* Info.plist */ = {isa = PBXFileReference; lastKnownFileType = text.plist.xml; path = Info.plist; sourceTree = "<group>"; };
		D1239F9C2326648C00601565 /* LoveWishUITests.xctest */ = {isa = PBXFileReference; explicitFileType = wrapper.cfbundle; includeInIndex = 0; path = LoveWishUITests.xctest; sourceTree = BUILT_PRODUCTS_DIR; };
		D1239FA02326648C00601565 /* LoveWishUITests.m */ = {isa = PBXFileReference; lastKnownFileType = sourcecode.c.objc; path = LoveWishUITests.m; sourceTree = "<group>"; };
		D1239FA22326648C00601565 /* Info.plist */ = {isa = PBXFileReference; lastKnownFileType = text.plist.xml; path = Info.plist; sourceTree = "<group>"; };
		D1418A7723458860009CF135 /* OfferCell.h */ = {isa = PBXFileReference; lastKnownFileType = sourcecode.c.h; path = OfferCell.h; sourceTree = "<group>"; };
		D1418A7823458860009CF135 /* OfferCell.m */ = {isa = PBXFileReference; lastKnownFileType = sourcecode.c.objc; path = OfferCell.m; sourceTree = "<group>"; };
		D1418A7923458860009CF135 /* OfferCell.xib */ = {isa = PBXFileReference; lastKnownFileType = file.xib; path = OfferCell.xib; sourceTree = "<group>"; };
		D1418A7C23458F94009CF135 /* OfferViewController.h */ = {isa = PBXFileReference; lastKnownFileType = sourcecode.c.h; path = OfferViewController.h; sourceTree = "<group>"; };
		D1418A7D23458F94009CF135 /* OfferViewController.m */ = {isa = PBXFileReference; lastKnownFileType = sourcecode.c.objc; path = OfferViewController.m; sourceTree = "<group>"; };
		D1418A7F234596D7009CF135 /* ImageViewCell.h */ = {isa = PBXFileReference; lastKnownFileType = sourcecode.c.h; path = ImageViewCell.h; sourceTree = "<group>"; };
		D1418A80234596D7009CF135 /* ImageViewCell.m */ = {isa = PBXFileReference; lastKnownFileType = sourcecode.c.objc; path = ImageViewCell.m; sourceTree = "<group>"; };
		D1418A81234596D7009CF135 /* ImageViewCell.xib */ = {isa = PBXFileReference; lastKnownFileType = file.xib; path = ImageViewCell.xib; sourceTree = "<group>"; };
		D1418A84234598F5009CF135 /* ImageCell.h */ = {isa = PBXFileReference; lastKnownFileType = sourcecode.c.h; path = ImageCell.h; sourceTree = "<group>"; };
		D1418A85234598F5009CF135 /* ImageCell.m */ = {isa = PBXFileReference; lastKnownFileType = sourcecode.c.objc; path = ImageCell.m; sourceTree = "<group>"; };
		D1418A86234598F5009CF135 /* ImageCell.xib */ = {isa = PBXFileReference; lastKnownFileType = file.xib; path = ImageCell.xib; sourceTree = "<group>"; };
		D1DCFD0C23398F1D00400665 /* GoogleService-Info.plist */ = {isa = PBXFileReference; fileEncoding = 4; lastKnownFileType = text.plist.xml; path = "GoogleService-Info.plist"; sourceTree = "<group>"; };
/* End PBXFileReference section */

/* Begin PBXFrameworksBuildPhase section */
		D1239F762326648A00601565 /* Frameworks */ = {
			isa = PBXFrameworksBuildPhase;
			buildActionMask = 2147483647;
			files = (
				CB0849B1B88DCBE134CB16EB /* Pods_LoveWish.framework in Frameworks */,
			);
			runOnlyForDeploymentPostprocessing = 0;
		};
		D1239F8E2326648C00601565 /* Frameworks */ = {
			isa = PBXFrameworksBuildPhase;
			buildActionMask = 2147483647;
			files = (
				BA552AA95D967011EAD7BF79 /* Pods_LoveWishTests.framework in Frameworks */,
			);
			runOnlyForDeploymentPostprocessing = 0;
		};
		D1239F992326648C00601565 /* Frameworks */ = {
			isa = PBXFrameworksBuildPhase;
			buildActionMask = 2147483647;
			files = (
				E23EBD25D2FB50E5825F18B5 /* Pods_LoveWish_LoveWishUITests.framework in Frameworks */,
			);
			runOnlyForDeploymentPostprocessing = 0;
		};
/* End PBXFrameworksBuildPhase section */

/* Begin PBXGroup section */
		47D3554BE44A637BD284308F /* Pods */ = {
			isa = PBXGroup;
			children = (
				500E9718ABB8BC976B15D0BA /* Pods-LoveWish.debug.xcconfig */,
				CBBEC8DCE99B17F046D5741D /* Pods-LoveWish.release.xcconfig */,
				B2215C910D2C901EB6C1121C /* Pods-LoveWish-LoveWishUITests.debug.xcconfig */,
				2281AAB16588D51929ADB12B /* Pods-LoveWish-LoveWishUITests.release.xcconfig */,
				9D749A734B23CBA721E7EB39 /* Pods-LoveWishTests.debug.xcconfig */,
				6C4C70BE1AD8F6AA0D7D5BF4 /* Pods-LoveWishTests.release.xcconfig */,
			);
			path = Pods;
			sourceTree = "<group>";
		};
		530A6584490B65B396B93C6D /* Frameworks */ = {
			isa = PBXGroup;
			children = (
				63576605B24E03DEFFBF0F97 /* Pods_LoveWish.framework */,
				5B72AD6D44DA5FCAEDF9D207 /* Pods_LoveWish_LoveWishUITests.framework */,
				9BF804041CF1C2A47ECD03D1 /* Pods_LoveWishTests.framework */,
			);
			name = Frameworks;
			sourceTree = "<group>";
		};
		D1208E8423306F3B007154D5 /* controllers */ = {
			isa = PBXGroup;
			children = (
				D1239F7F2326648A00601565 /* ViewController.h */,
				D1239F802326648A00601565 /* ViewController.m */,
				D11B71D12330539700D7AD7E /* WishItemTableViewController.h */,
				D11B71D22330539700D7AD7E /* WishItemTableViewController.m */,
				D1208E812330698D007154D5 /* WishItemRequestViewController.h */,
				D1208E822330698D007154D5 /* WishItemRequestViewController.m */,
				9A5670242339A45A00965923 /* SignUpControllerViewController.h */,
				9A5670252339A45A00965923 /* SignUpControllerViewController.m */,
				D1418A7C23458F94009CF135 /* OfferViewController.h */,
				D1418A7D23458F94009CF135 /* OfferViewController.m */,
				CDBBA772234AA7090086D8B8 /* LoginViewController.h */,
				CDBBA773234AA7090086D8B8 /* LoginViewController.m */,
			);
			path = controllers;
			sourceTree = "<group>";
		};
		D1208E8523306F46007154D5 /* cells */ = {
			isa = PBXGroup;
			children = (
				D11B71D62330540500D7AD7E /* WishListCell.h */,
				D11B71D72330540500D7AD7E /* WishListCell.m */,
				D11B71D82330540500D7AD7E /* WishListCell.xib */,
				D1418A7723458860009CF135 /* OfferCell.h */,
				D1418A7823458860009CF135 /* OfferCell.m */,
				D1418A7923458860009CF135 /* OfferCell.xib */,
				D1418A7F234596D7009CF135 /* ImageViewCell.h */,
				D1418A80234596D7009CF135 /* ImageViewCell.m */,
				D1418A81234596D7009CF135 /* ImageViewCell.xib */,
				D1418A84234598F5009CF135 /* ImageCell.h */,
				D1418A85234598F5009CF135 /* ImageCell.m */,
				D1418A86234598F5009CF135 /* ImageCell.xib */,
			);
			path = cells;
			sourceTree = "<group>";
		};
		D1239F702326648900601565 = {
			isa = PBXGroup;
			children = (
				D1239F7B2326648A00601565 /* LoveWish */,
				D1239F942326648C00601565 /* LoveWishTests */,
				D1239F9F2326648C00601565 /* LoveWishUITests */,
				D1239F7A2326648A00601565 /* Products */,
				47D3554BE44A637BD284308F /* Pods */,
				530A6584490B65B396B93C6D /* Frameworks */,
			);
			sourceTree = "<group>";
		};
		D1239F7A2326648A00601565 /* Products */ = {
			isa = PBXGroup;
			children = (
				D1239F792326648A00601565 /* LoveWish.app */,
				D1239F912326648C00601565 /* LoveWishTests.xctest */,
				D1239F9C2326648C00601565 /* LoveWishUITests.xctest */,
			);
			name = Products;
			sourceTree = "<group>";
		};
		D1239F7B2326648A00601565 /* LoveWish */ = {
			isa = PBXGroup;
			children = (
				D1DCFD0C23398F1D00400665 /* GoogleService-Info.plist */,
				D1208E8523306F46007154D5 /* cells */,
				D1208E8423306F3B007154D5 /* controllers */,
				D1239F7C2326648A00601565 /* AppDelegate.h */,
				D1239F7D2326648A00601565 /* AppDelegate.m */,
				D1239F822326648A00601565 /* Main.storyboard */,
				D1239F852326648B00601565 /* Assets.xcassets */,
				D1239F872326648B00601565 /* LaunchScreen.storyboard */,
				D1239F8A2326648B00601565 /* Info.plist */,
				D1239F8B2326648B00601565 /* main.m */,
				9A5670212339999300965923 /* Device.h */,
				9A5670222339999300965923 /* Device.m */,
			);
			path = LoveWish;
			sourceTree = "<group>";
		};
		D1239F942326648C00601565 /* LoveWishTests */ = {
			isa = PBXGroup;
			children = (
				D1239F952326648C00601565 /* LoveWishTests.m */,
				D1239F972326648C00601565 /* Info.plist */,
			);
			path = LoveWishTests;
			sourceTree = "<group>";
		};
		D1239F9F2326648C00601565 /* LoveWishUITests */ = {
			isa = PBXGroup;
			children = (
				D1239FA02326648C00601565 /* LoveWishUITests.m */,
				D1239FA22326648C00601565 /* Info.plist */,
			);
			path = LoveWishUITests;
			sourceTree = "<group>";
		};
/* End PBXGroup section */

/* Begin PBXNativeTarget section */
		D1239F782326648A00601565 /* LoveWish */ = {
			isa = PBXNativeTarget;
			buildConfigurationList = D1239FA52326648C00601565 /* Build configuration list for PBXNativeTarget "LoveWish" */;
			buildPhases = (
				7C072BB2E8694B2A52D6A02C /* [CP] Check Pods Manifest.lock */,
				D1239F752326648A00601565 /* Sources */,
				D1239F762326648A00601565 /* Frameworks */,
				D1239F772326648A00601565 /* Resources */,
				03F5C95DFDBDB67E410D48D8 /* [CP] Embed Pods Frameworks */,
			);
			buildRules = (
			);
			dependencies = (
			);
			name = LoveWish;
			productName = LoveWish;
			productReference = D1239F792326648A00601565 /* LoveWish.app */;
			productType = "com.apple.product-type.application";
		};
		D1239F902326648C00601565 /* LoveWishTests */ = {
			isa = PBXNativeTarget;
			buildConfigurationList = D1239FA82326648C00601565 /* Build configuration list for PBXNativeTarget "LoveWishTests" */;
			buildPhases = (
				2718ABC12BCB9972B7F72703 /* [CP] Check Pods Manifest.lock */,
				D1239F8D2326648C00601565 /* Sources */,
				D1239F8E2326648C00601565 /* Frameworks */,
				D1239F8F2326648C00601565 /* Resources */,
			);
			buildRules = (
			);
			dependencies = (
				D1239F932326648C00601565 /* PBXTargetDependency */,
			);
			name = LoveWishTests;
			productName = LoveWishTests;
			productReference = D1239F912326648C00601565 /* LoveWishTests.xctest */;
			productType = "com.apple.product-type.bundle.unit-test";
		};
		D1239F9B2326648C00601565 /* LoveWishUITests */ = {
			isa = PBXNativeTarget;
			buildConfigurationList = D1239FAB2326648C00601565 /* Build configuration list for PBXNativeTarget "LoveWishUITests" */;
			buildPhases = (
				F2633ECAE1CFB784A250D6E0 /* [CP] Check Pods Manifest.lock */,
				D1239F982326648C00601565 /* Sources */,
				D1239F992326648C00601565 /* Frameworks */,
				D1239F9A2326648C00601565 /* Resources */,
				BF1661B2308855F385364974 /* [CP] Embed Pods Frameworks */,
			);
			buildRules = (
			);
			dependencies = (
				D1239F9E2326648C00601565 /* PBXTargetDependency */,
			);
			name = LoveWishUITests;
			productName = LoveWishUITests;
			productReference = D1239F9C2326648C00601565 /* LoveWishUITests.xctest */;
			productType = "com.apple.product-type.bundle.ui-testing";
		};
/* End PBXNativeTarget section */

/* Begin PBXProject section */
		D1239F712326648900601565 /* Project object */ = {
			isa = PBXProject;
			attributes = {
				LastUpgradeCheck = 1010;
				ORGANIZATIONNAME = AIT;
				TargetAttributes = {
					D1239F782326648A00601565 = {
						CreatedOnToolsVersion = 10.1;
					};
					D1239F902326648C00601565 = {
						CreatedOnToolsVersion = 10.1;
						TestTargetID = D1239F782326648A00601565;
					};
					D1239F9B2326648C00601565 = {
						CreatedOnToolsVersion = 10.1;
						TestTargetID = D1239F782326648A00601565;
					};
				};
			};
			buildConfigurationList = D1239F742326648900601565 /* Build configuration list for PBXProject "LoveWish" */;
			compatibilityVersion = "Xcode 9.3";
			developmentRegion = en;
			hasScannedForEncodings = 0;
			knownRegions = (
				en,
				Base,
			);
			mainGroup = D1239F702326648900601565;
			productRefGroup = D1239F7A2326648A00601565 /* Products */;
			projectDirPath = "";
			projectRoot = "";
			targets = (
				D1239F782326648A00601565 /* LoveWish */,
				D1239F902326648C00601565 /* LoveWishTests */,
				D1239F9B2326648C00601565 /* LoveWishUITests */,
			);
		};
/* End PBXProject section */

/* Begin PBXResourcesBuildPhase section */
		D1239F772326648A00601565 /* Resources */ = {
			isa = PBXResourcesBuildPhase;
			buildActionMask = 2147483647;
			files = (
				D11B71DA2330540500D7AD7E /* WishListCell.xib in Resources */,
				D1418A88234598F5009CF135 /* ImageCell.xib in Resources */,
				D1239F892326648B00601565 /* LaunchScreen.storyboard in Resources */,
				D1418A7B23458860009CF135 /* OfferCell.xib in Resources */,
				D1DCFD0D23398F1D00400665 /* GoogleService-Info.plist in Resources */,
				D1239F862326648B00601565 /* Assets.xcassets in Resources */,
				D1418A83234596D7009CF135 /* ImageViewCell.xib in Resources */,
				D1239F842326648A00601565 /* Main.storyboard in Resources */,
			);
			runOnlyForDeploymentPostprocessing = 0;
		};
		D1239F8F2326648C00601565 /* Resources */ = {
			isa = PBXResourcesBuildPhase;
			buildActionMask = 2147483647;
			files = (
			);
			runOnlyForDeploymentPostprocessing = 0;
		};
		D1239F9A2326648C00601565 /* Resources */ = {
			isa = PBXResourcesBuildPhase;
			buildActionMask = 2147483647;
			files = (
			);
			runOnlyForDeploymentPostprocessing = 0;
		};
/* End PBXResourcesBuildPhase section */

/* Begin PBXShellScriptBuildPhase section */
		03F5C95DFDBDB67E410D48D8 /* [CP] Embed Pods Frameworks */ = {
			isa = PBXShellScriptBuildPhase;
			buildActionMask = 2147483647;
			files = (
			);
			inputFileListPaths = (
				"${PODS_ROOT}/Target Support Files/Pods-LoveWish/Pods-LoveWish-frameworks-${CONFIGURATION}-input-files.xcfilelist",
			);
			name = "[CP] Embed Pods Frameworks";
			outputFileListPaths = (
				"${PODS_ROOT}/Target Support Files/Pods-LoveWish/Pods-LoveWish-frameworks-${CONFIGURATION}-output-files.xcfilelist",
			);
			runOnlyForDeploymentPostprocessing = 0;
			shellPath = /bin/sh;
			shellScript = "\"${PODS_ROOT}/Target Support Files/Pods-LoveWish/Pods-LoveWish-frameworks.sh\"\n";
			showEnvVarsInLog = 0;
		};
		2718ABC12BCB9972B7F72703 /* [CP] Check Pods Manifest.lock */ = {
			isa = PBXShellScriptBuildPhase;
			buildActionMask = 2147483647;
			files = (
			);
			inputFileListPaths = (
			);
			inputPaths = (
				"${PODS_PODFILE_DIR_PATH}/Podfile.lock",
				"${PODS_ROOT}/Manifest.lock",
			);
			name = "[CP] Check Pods Manifest.lock";
			outputFileListPaths = (
			);
			outputPaths = (
				"$(DERIVED_FILE_DIR)/Pods-LoveWishTests-checkManifestLockResult.txt",
			);
			runOnlyForDeploymentPostprocessing = 0;
			shellPath = /bin/sh;
			shellScript = "diff \"${PODS_PODFILE_DIR_PATH}/Podfile.lock\" \"${PODS_ROOT}/Manifest.lock\" > /dev/null\nif [ $? != 0 ] ; then\n    # print error to STDERR\n    echo \"error: The sandbox is not in sync with the Podfile.lock. Run 'pod install' or update your CocoaPods installation.\" >&2\n    exit 1\nfi\n# This output is used by Xcode 'outputs' to avoid re-running this script phase.\necho \"SUCCESS\" > \"${SCRIPT_OUTPUT_FILE_0}\"\n";
			showEnvVarsInLog = 0;
		};
		7C072BB2E8694B2A52D6A02C /* [CP] Check Pods Manifest.lock */ = {
			isa = PBXShellScriptBuildPhase;
			buildActionMask = 2147483647;
			files = (
			);
			inputFileListPaths = (
			);
			inputPaths = (
				"${PODS_PODFILE_DIR_PATH}/Podfile.lock",
				"${PODS_ROOT}/Manifest.lock",
			);
			name = "[CP] Check Pods Manifest.lock";
			outputFileListPaths = (
			);
			outputPaths = (
				"$(DERIVED_FILE_DIR)/Pods-LoveWish-checkManifestLockResult.txt",
			);
			runOnlyForDeploymentPostprocessing = 0;
			shellPath = /bin/sh;
			shellScript = "diff \"${PODS_PODFILE_DIR_PATH}/Podfile.lock\" \"${PODS_ROOT}/Manifest.lock\" > /dev/null\nif [ $? != 0 ] ; then\n    # print error to STDERR\n    echo \"error: The sandbox is not in sync with the Podfile.lock. Run 'pod install' or update your CocoaPods installation.\" >&2\n    exit 1\nfi\n# This output is used by Xcode 'outputs' to avoid re-running this script phase.\necho \"SUCCESS\" > \"${SCRIPT_OUTPUT_FILE_0}\"\n";
			showEnvVarsInLog = 0;
		};
		BF1661B2308855F385364974 /* [CP] Embed Pods Frameworks */ = {
			isa = PBXShellScriptBuildPhase;
			buildActionMask = 2147483647;
			files = (
			);
			inputFileListPaths = (
				"${PODS_ROOT}/Target Support Files/Pods-LoveWish-LoveWishUITests/Pods-LoveWish-LoveWishUITests-frameworks-${CONFIGURATION}-input-files.xcfilelist",
			);
			name = "[CP] Embed Pods Frameworks";
			outputFileListPaths = (
				"${PODS_ROOT}/Target Support Files/Pods-LoveWish-LoveWishUITests/Pods-LoveWish-LoveWishUITests-frameworks-${CONFIGURATION}-output-files.xcfilelist",
			);
			runOnlyForDeploymentPostprocessing = 0;
			shellPath = /bin/sh;
			shellScript = "\"${PODS_ROOT}/Target Support Files/Pods-LoveWish-LoveWishUITests/Pods-LoveWish-LoveWishUITests-frameworks.sh\"\n";
			showEnvVarsInLog = 0;
		};
		F2633ECAE1CFB784A250D6E0 /* [CP] Check Pods Manifest.lock */ = {
			isa = PBXShellScriptBuildPhase;
			buildActionMask = 2147483647;
			files = (
			);
			inputFileListPaths = (
			);
			inputPaths = (
				"${PODS_PODFILE_DIR_PATH}/Podfile.lock",
				"${PODS_ROOT}/Manifest.lock",
			);
			name = "[CP] Check Pods Manifest.lock";
			outputFileListPaths = (
			);
			outputPaths = (
				"$(DERIVED_FILE_DIR)/Pods-LoveWish-LoveWishUITests-checkManifestLockResult.txt",
			);
			runOnlyForDeploymentPostprocessing = 0;
			shellPath = /bin/sh;
			shellScript = "diff \"${PODS_PODFILE_DIR_PATH}/Podfile.lock\" \"${PODS_ROOT}/Manifest.lock\" > /dev/null\nif [ $? != 0 ] ; then\n    # print error to STDERR\n    echo \"error: The sandbox is not in sync with the Podfile.lock. Run 'pod install' or update your CocoaPods installation.\" >&2\n    exit 1\nfi\n# This output is used by Xcode 'outputs' to avoid re-running this script phase.\necho \"SUCCESS\" > \"${SCRIPT_OUTPUT_FILE_0}\"\n";
			showEnvVarsInLog = 0;
		};
/* End PBXShellScriptBuildPhase section */

/* Begin PBXSourcesBuildPhase section */
		D1239F752326648A00601565 /* Sources */ = {
			isa = PBXSourcesBuildPhase;
			buildActionMask = 2147483647;
			files = (
				9A5670262339A45A00965923 /* SignUpControllerViewController.m in Sources */,
				D1418A87234598F5009CF135 /* ImageCell.m in Sources */,
				CDBBA774234AA7090086D8B8 /* LoginViewController.m in Sources */,
				D1239F812326648A00601565 /* ViewController.m in Sources */,
				D1239F8C2326648B00601565 /* main.m in Sources */,
				D1418A7A23458860009CF135 /* OfferCell.m in Sources */,
				D1418A82234596D7009CF135 /* ImageViewCell.m in Sources */,
				D1208E832330698D007154D5 /* WishItemRequestViewController.m in Sources */,
				D1418A7E23458F94009CF135 /* OfferViewController.m in Sources */,
				D11B71D42330539700D7AD7E /* WishItemTableViewController.m in Sources */,
				D11B71D92330540500D7AD7E /* WishListCell.m in Sources */,
				9A5670232339999300965923 /* Device.m in Sources */,
				D1239F7E2326648A00601565 /* AppDelegate.m in Sources */,
			);
			runOnlyForDeploymentPostprocessing = 0;
		};
		D1239F8D2326648C00601565 /* Sources */ = {
			isa = PBXSourcesBuildPhase;
			buildActionMask = 2147483647;
			files = (
				D1239F962326648C00601565 /* LoveWishTests.m in Sources */,
			);
			runOnlyForDeploymentPostprocessing = 0;
		};
		D1239F982326648C00601565 /* Sources */ = {
			isa = PBXSourcesBuildPhase;
			buildActionMask = 2147483647;
			files = (
				D1239FA12326648C00601565 /* LoveWishUITests.m in Sources */,
			);
			runOnlyForDeploymentPostprocessing = 0;
		};
/* End PBXSourcesBuildPhase section */

/* Begin PBXTargetDependency section */
		D1239F932326648C00601565 /* PBXTargetDependency */ = {
			isa = PBXTargetDependency;
			target = D1239F782326648A00601565 /* LoveWish */;
			targetProxy = D1239F922326648C00601565 /* PBXContainerItemProxy */;
		};
		D1239F9E2326648C00601565 /* PBXTargetDependency */ = {
			isa = PBXTargetDependency;
			target = D1239F782326648A00601565 /* LoveWish */;
			targetProxy = D1239F9D2326648C00601565 /* PBXContainerItemProxy */;
		};
/* End PBXTargetDependency section */

/* Begin PBXVariantGroup section */
		D1239F822326648A00601565 /* Main.storyboard */ = {
			isa = PBXVariantGroup;
			children = (
				D1239F832326648A00601565 /* Base */,
			);
			name = Main.storyboard;
			sourceTree = "<group>";
		};
		D1239F872326648B00601565 /* LaunchScreen.storyboard */ = {
			isa = PBXVariantGroup;
			children = (
				D1239F882326648B00601565 /* Base */,
			);
			name = LaunchScreen.storyboard;
			sourceTree = "<group>";
		};
/* End PBXVariantGroup section */

/* Begin XCBuildConfiguration section */
		D1239FA32326648C00601565 /* Debug */ = {
			isa = XCBuildConfiguration;
			buildSettings = {
				ALWAYS_SEARCH_USER_PATHS = NO;
				CLANG_ANALYZER_NONNULL = YES;
				CLANG_ANALYZER_NUMBER_OBJECT_CONVERSION = YES_AGGRESSIVE;
				CLANG_CXX_LANGUAGE_STANDARD = "gnu++14";
				CLANG_CXX_LIBRARY = "libc++";
				CLANG_ENABLE_MODULES = YES;
				CLANG_ENABLE_OBJC_ARC = YES;
				CLANG_ENABLE_OBJC_WEAK = YES;
				CLANG_WARN_BLOCK_CAPTURE_AUTORELEASING = YES;
				CLANG_WARN_BOOL_CONVERSION = YES;
				CLANG_WARN_COMMA = YES;
				CLANG_WARN_CONSTANT_CONVERSION = YES;
				CLANG_WARN_DEPRECATED_OBJC_IMPLEMENTATIONS = YES;
				CLANG_WARN_DIRECT_OBJC_ISA_USAGE = YES_ERROR;
				CLANG_WARN_DOCUMENTATION_COMMENTS = YES;
				CLANG_WARN_EMPTY_BODY = YES;
				CLANG_WARN_ENUM_CONVERSION = YES;
				CLANG_WARN_INFINITE_RECURSION = YES;
				CLANG_WARN_INT_CONVERSION = YES;
				CLANG_WARN_NON_LITERAL_NULL_CONVERSION = YES;
				CLANG_WARN_OBJC_IMPLICIT_RETAIN_SELF = YES;
				CLANG_WARN_OBJC_LITERAL_CONVERSION = YES;
				CLANG_WARN_OBJC_ROOT_CLASS = YES_ERROR;
				CLANG_WARN_RANGE_LOOP_ANALYSIS = YES;
				CLANG_WARN_STRICT_PROTOTYPES = YES;
				CLANG_WARN_SUSPICIOUS_MOVE = YES;
				CLANG_WARN_UNGUARDED_AVAILABILITY = YES_AGGRESSIVE;
				CLANG_WARN_UNREACHABLE_CODE = YES;
				CLANG_WARN__DUPLICATE_METHOD_MATCH = YES;
				CODE_SIGN_IDENTITY = "iPhone Developer";
				COPY_PHASE_STRIP = NO;
				DEBUG_INFORMATION_FORMAT = dwarf;
				ENABLE_STRICT_OBJC_MSGSEND = YES;
				ENABLE_TESTABILITY = YES;
				GCC_C_LANGUAGE_STANDARD = gnu11;
				GCC_DYNAMIC_NO_PIC = NO;
				GCC_NO_COMMON_BLOCKS = YES;
				GCC_OPTIMIZATION_LEVEL = 0;
				GCC_PREPROCESSOR_DEFINITIONS = (
					"DEBUG=1",
					"$(inherited)",
				);
				GCC_WARN_64_TO_32_BIT_CONVERSION = YES;
				GCC_WARN_ABOUT_RETURN_TYPE = YES_ERROR;
				GCC_WARN_UNDECLARED_SELECTOR = YES;
				GCC_WARN_UNINITIALIZED_AUTOS = YES_AGGRESSIVE;
				GCC_WARN_UNUSED_FUNCTION = YES;
				GCC_WARN_UNUSED_VARIABLE = YES;
				IPHONEOS_DEPLOYMENT_TARGET = 12.1;
				MTL_ENABLE_DEBUG_INFO = INCLUDE_SOURCE;
				MTL_FAST_MATH = YES;
				ONLY_ACTIVE_ARCH = YES;
				SDKROOT = iphoneos;
			};
			name = Debug;
		};
		D1239FA42326648C00601565 /* Release */ = {
			isa = XCBuildConfiguration;
			buildSettings = {
				ALWAYS_SEARCH_USER_PATHS = NO;
				CLANG_ANALYZER_NONNULL = YES;
				CLANG_ANALYZER_NUMBER_OBJECT_CONVERSION = YES_AGGRESSIVE;
				CLANG_CXX_LANGUAGE_STANDARD = "gnu++14";
				CLANG_CXX_LIBRARY = "libc++";
				CLANG_ENABLE_MODULES = YES;
				CLANG_ENABLE_OBJC_ARC = YES;
				CLANG_ENABLE_OBJC_WEAK = YES;
				CLANG_WARN_BLOCK_CAPTURE_AUTORELEASING = YES;
				CLANG_WARN_BOOL_CONVERSION = YES;
				CLANG_WARN_COMMA = YES;
				CLANG_WARN_CONSTANT_CONVERSION = YES;
				CLANG_WARN_DEPRECATED_OBJC_IMPLEMENTATIONS = YES;
				CLANG_WARN_DIRECT_OBJC_ISA_USAGE = YES_ERROR;
				CLANG_WARN_DOCUMENTATION_COMMENTS = YES;
				CLANG_WARN_EMPTY_BODY = YES;
				CLANG_WARN_ENUM_CONVERSION = YES;
				CLANG_WARN_INFINITE_RECURSION = YES;
				CLANG_WARN_INT_CONVERSION = YES;
				CLANG_WARN_NON_LITERAL_NULL_CONVERSION = YES;
				CLANG_WARN_OBJC_IMPLICIT_RETAIN_SELF = YES;
				CLANG_WARN_OBJC_LITERAL_CONVERSION = YES;
				CLANG_WARN_OBJC_ROOT_CLASS = YES_ERROR;
				CLANG_WARN_RANGE_LOOP_ANALYSIS = YES;
				CLANG_WARN_STRICT_PROTOTYPES = YES;
				CLANG_WARN_SUSPICIOUS_MOVE = YES;
				CLANG_WARN_UNGUARDED_AVAILABILITY = YES_AGGRESSIVE;
				CLANG_WARN_UNREACHABLE_CODE = YES;
				CLANG_WARN__DUPLICATE_METHOD_MATCH = YES;
				CODE_SIGN_IDENTITY = "iPhone Developer";
				COPY_PHASE_STRIP = NO;
				DEBUG_INFORMATION_FORMAT = "dwarf-with-dsym";
				ENABLE_NS_ASSERTIONS = NO;
				ENABLE_STRICT_OBJC_MSGSEND = YES;
				GCC_C_LANGUAGE_STANDARD = gnu11;
				GCC_NO_COMMON_BLOCKS = YES;
				GCC_WARN_64_TO_32_BIT_CONVERSION = YES;
				GCC_WARN_ABOUT_RETURN_TYPE = YES_ERROR;
				GCC_WARN_UNDECLARED_SELECTOR = YES;
				GCC_WARN_UNINITIALIZED_AUTOS = YES_AGGRESSIVE;
				GCC_WARN_UNUSED_FUNCTION = YES;
				GCC_WARN_UNUSED_VARIABLE = YES;
				IPHONEOS_DEPLOYMENT_TARGET = 12.1;
				MTL_ENABLE_DEBUG_INFO = NO;
				MTL_FAST_MATH = YES;
				SDKROOT = iphoneos;
				VALIDATE_PRODUCT = YES;
			};
			name = Release;
		};
		D1239FA62326648C00601565 /* Debug */ = {
			isa = XCBuildConfiguration;
			baseConfigurationReference = 500E9718ABB8BC976B15D0BA /* Pods-LoveWish.debug.xcconfig */;
			buildSettings = {
				ASSETCATALOG_COMPILER_APPICON_NAME = AppIcon;
				CODE_SIGN_STYLE = Automatic;
				DEVELOPMENT_TEAM = C2JM7XLS3M;
				INFOPLIST_FILE = LoveWish/Info.plist;
				LD_RUNPATH_SEARCH_PATHS = (
					"$(inherited)",
					"@executable_path/Frameworks",
				);
				PRODUCT_BUNDLE_IDENTIFIER = com.ait.6613.LoveWish;
				PRODUCT_NAME = "$(TARGET_NAME)";
				TARGETED_DEVICE_FAMILY = "1,2";
			};
			name = Debug;
		};
		D1239FA72326648C00601565 /* Release */ = {
			isa = XCBuildConfiguration;
			baseConfigurationReference = CBBEC8DCE99B17F046D5741D /* Pods-LoveWish.release.xcconfig */;
			buildSettings = {
				ASSETCATALOG_COMPILER_APPICON_NAME = AppIcon;
				CODE_SIGN_STYLE = Automatic;
				DEVELOPMENT_TEAM = C2JM7XLS3M;
				INFOPLIST_FILE = LoveWish/Info.plist;
				LD_RUNPATH_SEARCH_PATHS = (
					"$(inherited)",
					"@executable_path/Frameworks",
				);
				PRODUCT_BUNDLE_IDENTIFIER = com.ait.6613.LoveWish;
				PRODUCT_NAME = "$(TARGET_NAME)";
				TARGETED_DEVICE_FAMILY = "1,2";
			};
			name = Release;
		};
		D1239FA92326648C00601565 /* Debug */ = {
			isa = XCBuildConfiguration;
			baseConfigurationReference = 9D749A734B23CBA721E7EB39 /* Pods-LoveWishTests.debug.xcconfig */;
			buildSettings = {
				BUNDLE_LOADER = "$(TEST_HOST)";
				CODE_SIGN_STYLE = Automatic;
				DEVELOPMENT_TEAM = C2JM7XLS3M;
				INFOPLIST_FILE = LoveWishTests/Info.plist;
				LD_RUNPATH_SEARCH_PATHS = (
					"$(inherited)",
					"@executable_path/Frameworks",
					"@loader_path/Frameworks",
				);
				PRODUCT_BUNDLE_IDENTIFIER = com.ait.6613.LoveWishTests;
				PRODUCT_NAME = "$(TARGET_NAME)";
				TARGETED_DEVICE_FAMILY = "1,2";
				TEST_HOST = "$(BUILT_PRODUCTS_DIR)/LoveWish.app/LoveWish";
			};
			name = Debug;
		};
		D1239FAA2326648C00601565 /* Release */ = {
			isa = XCBuildConfiguration;
			baseConfigurationReference = 6C4C70BE1AD8F6AA0D7D5BF4 /* Pods-LoveWishTests.release.xcconfig */;
			buildSettings = {
				BUNDLE_LOADER = "$(TEST_HOST)";
				CODE_SIGN_STYLE = Automatic;
				DEVELOPMENT_TEAM = C2JM7XLS3M;
				INFOPLIST_FILE = LoveWishTests/Info.plist;
				LD_RUNPATH_SEARCH_PATHS = (
					"$(inherited)",
					"@executable_path/Frameworks",
					"@loader_path/Frameworks",
				);
				PRODUCT_BUNDLE_IDENTIFIER = com.ait.6613.LoveWishTests;
				PRODUCT_NAME = "$(TARGET_NAME)";
				TARGETED_DEVICE_FAMILY = "1,2";
				TEST_HOST = "$(BUILT_PRODUCTS_DIR)/LoveWish.app/LoveWish";
			};
			name = Release;
		};
		D1239FAC2326648C00601565 /* Debug */ = {
			isa = XCBuildConfiguration;
			baseConfigurationReference = B2215C910D2C901EB6C1121C /* Pods-LoveWish-LoveWishUITests.debug.xcconfig */;
			buildSettings = {
				CODE_SIGN_STYLE = Automatic;
				DEVELOPMENT_TEAM = C2JM7XLS3M;
				INFOPLIST_FILE = LoveWishUITests/Info.plist;
				LD_RUNPATH_SEARCH_PATHS = (
					"$(inherited)",
					"@executable_path/Frameworks",
					"@loader_path/Frameworks",
				);
				PRODUCT_BUNDLE_IDENTIFIER = com.ait.6613.LoveWishUITests;
				PRODUCT_NAME = "$(TARGET_NAME)";
				TARGETED_DEVICE_FAMILY = "1,2";
				TEST_TARGET_NAME = LoveWish;
			};
			name = Debug;
		};
		D1239FAD2326648C00601565 /* Release */ = {
			isa = XCBuildConfiguration;
			baseConfigurationReference = 2281AAB16588D51929ADB12B /* Pods-LoveWish-LoveWishUITests.release.xcconfig */;
			buildSettings = {
				CODE_SIGN_STYLE = Automatic;
				DEVELOPMENT_TEAM = C2JM7XLS3M;
				INFOPLIST_FILE = LoveWishUITests/Info.plist;
				LD_RUNPATH_SEARCH_PATHS = (
					"$(inherited)",
					"@executable_path/Frameworks",
					"@loader_path/Frameworks",
				);
				PRODUCT_BUNDLE_IDENTIFIER = com.ait.6613.LoveWishUITests;
				PRODUCT_NAME = "$(TARGET_NAME)";
				TARGETED_DEVICE_FAMILY = "1,2";
				TEST_TARGET_NAME = LoveWish;
			};
			name = Release;
		};
/* End XCBuildConfiguration section */

/* Begin XCConfigurationList section */
		D1239F742326648900601565 /* Build configuration list for PBXProject "LoveWish" */ = {
			isa = XCConfigurationList;
			buildConfigurations = (
				D1239FA32326648C00601565 /* Debug */,
				D1239FA42326648C00601565 /* Release */,
			);
			defaultConfigurationIsVisible = 0;
			defaultConfigurationName = Release;
		};
		D1239FA52326648C00601565 /* Build configuration list for PBXNativeTarget "LoveWish" */ = {
			isa = XCConfigurationList;
			buildConfigurations = (
				D1239FA62326648C00601565 /* Debug */,
				D1239FA72326648C00601565 /* Release */,
			);
			defaultConfigurationIsVisible = 0;
			defaultConfigurationName = Release;
		};
		D1239FA82326648C00601565 /* Build configuration list for PBXNativeTarget "LoveWishTests" */ = {
			isa = XCConfigurationList;
			buildConfigurations = (
				D1239FA92326648C00601565 /* Debug */,
				D1239FAA2326648C00601565 /* Release */,
			);
			defaultConfigurationIsVisible = 0;
			defaultConfigurationName = Release;
		};
		D1239FAB2326648C00601565 /* Build configuration list for PBXNativeTarget "LoveWishUITests" */ = {
			isa = XCConfigurationList;
			buildConfigurations = (
				D1239FAC2326648C00601565 /* Debug */,
				D1239FAD2326648C00601565 /* Release */,
			);
			defaultConfigurationIsVisible = 0;
			defaultConfigurationName = Release;
		};
/* End XCConfigurationList section */
	};
	rootObject = D1239F712326648900601565 /* Project object */;
}
